
Microsoft Visual Studio Solution File, Format Version 12.00
# Visual Studio Version 17
VisualStudioVersion = 17.14.36221.1 d17.14
MinimumVisualStudioVersion = 10.0.40219.1
Project("{FAE04EC0-301F-11D3-BF4B-00C04F79EFBC}") = "SLC-AS-SimulationManagement", "SLC-AS-SimulationManagement\SLC-AS-SimulationManagement.csproj", "{B709B720-175A-4C32-917C-CDFE3FD87CB8}"
EndProject
Project("{2150E333-8FDC-42A3-9474-1A3956D46DE8}") = "Internal", "Internal", "{02EA681E-C7D8-13C7-8484-4AC65E1B71E8}"
EndProject
Project("{2150E333-8FDC-42A3-9474-1A3956D46DE8}") = "Code Analysis", "Code Analysis", "{21AE5104-EEF9-4FEF-8E94-CD2B3920EFF8}"
	ProjectSection(SolutionItems) = preProject
		Internal\Code Analysis\qaction-debug.ruleset = Internal\Code Analysis\qaction-debug.ruleset
		Internal\Code Analysis\qaction-release.ruleset = Internal\Code Analysis\qaction-release.ruleset
		Internal\Code Analysis\stylecop.json = Internal\Code Analysis\stylecop.json
	EndProjectSection
EndProject
Global
	GlobalSection(SolutionConfigurationPlatforms) = preSolution
		Debug|Any CPU = Debug|Any CPU
		Release|Any CPU = Release|Any CPU
	EndGlobalSection
	GlobalSection(ProjectConfigurationPlatforms) = postSolution
		{B709B720-175A-4C32-917C-CDFE3FD87CB8}.Debug|Any CPU.ActiveCfg = Debug|Any CPU
		{B709B720-175A-4C32-917C-CDFE3FD87CB8}.Debug|Any CPU.Build.0 = Debug|Any CPU
		{B709B720-175A-4C32-917C-CDFE3FD87CB8}.Release|Any CPU.ActiveCfg = Release|Any CPU
		{B709B720-175A-4C32-917C-CDFE3FD87CB8}.Release|Any CPU.Build.0 = Release|Any CPU
	EndGlobalSection
	GlobalSection(SolutionProperties) = preSolution
		HideSolutionNode = FALSE
	EndGlobalSection
	GlobalSection(NestedProjects) = preSolution
		{21AE5104-EEF9-4FEF-8E94-CD2B3920EFF8} = {02EA681E-C7D8-13C7-8484-4AC65E1B71E8}
	EndGlobalSection
	GlobalSection(ExtensibilityGlobals) = postSolution
		SolutionGuid = {456DBAD7-4B0E-4DCD-91A2-9C53DC3CB99B}
	EndGlobalSection
EndGlobal
